
Microsoft Visual Studio Solution File, Format Version 12.00
# Visual Studio 14
VisualStudioVersion = 14.0.25420.1
MinimumVisualStudioVersion = 10.0.40219.1
Project("{FAE04EC0-301F-11D3-BF4B-00C04F79EFBC}") = "UnlockNativeFormsSample.Droid", "UnlockNativeFormsSample\UnlockNativeFormsSample.Droid\UnlockNativeFormsSample.Droid.csproj", "{BD3FFA3B-B11E-40A2-B2BA-18105ADA535F}"
EndProject
Project("{FAE04EC0-301F-11D3-BF4B-00C04F79EFBC}") = "UnlockNativeFormsSample.iOS", "UnlockNativeFormsSample\UnlockNativeFormsSample.iOS\UnlockNativeFormsSample.iOS.csproj", "{026C3AC6-C22F-4314-99A7-2E5EC7A7AEC5}"
EndProject
Project("{FAE04EC0-301F-11D3-BF4B-00C04F79EFBC}") = "UnlockNativeFormsSample.UWP", "UnlockNativeFormsSample\UnlockNativeFormsSample.UWP\UnlockNativeFormsSample.UWP.csproj", "{BD6B6566-4D9C-4C53-B813-B0DE0C97CF64}"
EndProject
Project("{FAE04EC0-301F-11D3-BF4B-00C04F79EFBC}") = "UnlockNativeFormsSample", "UnlockNativeFormsSample\UnlockNativeFormsSample\UnlockNativeFormsSample.csproj", "{6DCFCBCE-855C-46C1-865F-638309ED3907}"
EndProject
Global
	GlobalSection(SolutionConfigurationPlatforms) = preSolution
		Ad-Hoc|Any CPU = Ad-Hoc|Any CPU
		Ad-Hoc|ARM = Ad-Hoc|ARM
		Ad-Hoc|iPhone = Ad-Hoc|iPhone
		Ad-Hoc|iPhoneSimulator = Ad-Hoc|iPhoneSimulator
		Ad-Hoc|x64 = Ad-Hoc|x64
		Ad-Hoc|x86 = Ad-Hoc|x86
		AppStore|Any CPU = AppStore|Any CPU
		AppStore|ARM = AppStore|ARM
		AppStore|iPhone = AppStore|iPhone
		AppStore|iPhoneSimulator = AppStore|iPhoneSimulator
		AppStore|x64 = AppStore|x64
		AppStore|x86 = AppStore|x86
		Debug|Any CPU = Debug|Any CPU
		Debug|ARM = Debug|ARM
		Debug|iPhone = Debug|iPhone
		Debug|iPhoneSimulator = Debug|iPhoneSimulator
		Debug|x64 = Debug|x64
		Debug|x86 = Debug|x86
		Release|Any CPU = Release|Any CPU
		Release|ARM = Release|ARM
		Release|iPhone = Release|iPhone
		Release|iPhoneSimulator = Release|iPhoneSimulator
		Release|x64 = Release|x64
		Release|x86 = Release|x86
	EndGlobalSection
	GlobalSection(ProjectConfigurationPlatforms) = postSolution
		{BD3FFA3B-B11E-40A2-B2BA-18105ADA535F}.Ad-Hoc|Any CPU.ActiveCfg = Release|Any CPU
		{BD3FFA3B-B11E-40A2-B2BA-18105ADA535F}.Ad-Hoc|Any CPU.Build.0 = Release|Any CPU
		{BD3FFA3B-B11E-40A2-B2BA-18105ADA535F}.Ad-Hoc|Any CPU.Deploy.0 = Release|Any CPU
		{BD3FFA3B-B11E-40A2-B2BA-18105ADA535F}.Ad-Hoc|ARM.ActiveCfg = Release|Any CPU
		{BD3FFA3B-B11E-40A2-B2BA-18105ADA535F}.Ad-Hoc|ARM.Build.0 = Release|Any CPU
		{BD3FFA3B-B11E-40A2-B2BA-18105ADA535F}.Ad-Hoc|ARM.Deploy.0 = Release|Any CPU
		{BD3FFA3B-B11E-40A2-B2BA-18105ADA535F}.Ad-Hoc|iPhone.ActiveCfg = Release|Any CPU
		{BD3FFA3B-B11E-40A2-B2BA-18105ADA535F}.Ad-Hoc|iPhone.Build.0 = Release|Any CPU
		{BD3FFA3B-B11E-40A2-B2BA-18105ADA535F}.Ad-Hoc|iPhone.Deploy.0 = Release|Any CPU
		{BD3FFA3B-B11E-40A2-B2BA-18105ADA535F}.Ad-Hoc|iPhoneSimulator.ActiveCfg = Release|Any CPU
		{BD3FFA3B-B11E-40A2-B2BA-18105ADA535F}.Ad-Hoc|iPhoneSimulator.Build.0 = Release|Any CPU
		{BD3FFA3B-B11E-40A2-B2BA-18105ADA535F}.Ad-Hoc|iPhoneSimulator.Deploy.0 = Release|Any CPU
		{BD3FFA3B-B11E-40A2-B2BA-18105ADA535F}.Ad-Hoc|x64.ActiveCfg = Release|Any CPU
		{BD3FFA3B-B11E-40A2-B2BA-18105ADA535F}.Ad-Hoc|x64.Build.0 = Release|Any CPU
		{BD3FFA3B-B11E-40A2-B2BA-18105ADA535F}.Ad-Hoc|x64.Deploy.0 = Release|Any CPU
		{BD3FFA3B-B11E-40A2-B2BA-18105ADA535F}.Ad-Hoc|x86.ActiveCfg = Release|Any CPU
		{BD3FFA3B-B11E-40A2-B2BA-18105ADA535F}.Ad-Hoc|x86.Build.0 = Release|Any CPU
		{BD3FFA3B-B11E-40A2-B2BA-18105ADA535F}.Ad-Hoc|x86.Deploy.0 = Release|Any CPU
		{BD3FFA3B-B11E-40A2-B2BA-18105ADA535F}.AppStore|Any CPU.ActiveCfg = Release|Any CPU
		{BD3FFA3B-B11E-40A2-B2BA-18105ADA535F}.AppStore|Any CPU.Build.0 = Release|Any CPU
		{BD3FFA3B-B11E-40A2-B2BA-18105ADA535F}.AppStore|Any CPU.Deploy.0 = Release|Any CPU
		{BD3FFA3B-B11E-40A2-B2BA-18105ADA535F}.AppStore|ARM.ActiveCfg = Release|Any CPU
		{BD3FFA3B-B11E-40A2-B2BA-18105ADA535F}.AppStore|ARM.Build.0 = Release|Any CPU
		{BD3FFA3B-B11E-40A2-B2BA-18105ADA535F}.AppStore|ARM.Deploy.0 = Release|Any CPU
		{BD3FFA3B-B11E-40A2-B2BA-18105ADA535F}.AppStore|iPhone.ActiveCfg = Release|Any CPU
		{BD3FFA3B-B11E-40A2-B2BA-18105ADA535F}.AppStore|iPhone.Build.0 = Release|Any CPU
		{BD3FFA3B-B11E-40A2-B2BA-18105ADA535F}.AppStore|iPhone.Deploy.0 = Release|Any CPU
		{BD3FFA3B-B11E-40A2-B2BA-18105ADA535F}.AppStore|iPhoneSimulator.ActiveCfg = Release|Any CPU
		{BD3FFA3B-B11E-40A2-B2BA-18105ADA535F}.AppStore|iPhoneSimulator.Build.0 = Release|Any CPU
		{BD3FFA3B-B11E-40A2-B2BA-18105ADA535F}.AppStore|iPhoneSimulator.Deploy.0 = Release|Any CPU
		{BD3FFA3B-B11E-40A2-B2BA-18105ADA535F}.AppStore|x64.ActiveCfg = Release|Any CPU
		{BD3FFA3B-B11E-40A2-B2BA-18105ADA535F}.AppStore|x64.Build.0 = Release|Any CPU
		{BD3FFA3B-B11E-40A2-B2BA-18105ADA535F}.AppStore|x64.Deploy.0 = Release|Any CPU
		{BD3FFA3B-B11E-40A2-B2BA-18105ADA535F}.AppStore|x86.ActiveCfg = Release|Any CPU
		{BD3FFA3B-B11E-40A2-B2BA-18105ADA535F}.AppStore|x86.Build.0 = Release|Any CPU
		{BD3FFA3B-B11E-40A2-B2BA-18105ADA535F}.AppStore|x86.Deploy.0 = Release|Any CPU
		{BD3FFA3B-B11E-40A2-B2BA-18105ADA535F}.Debug|Any CPU.ActiveCfg = Debug|Any CPU
		{BD3FFA3B-B11E-40A2-B2BA-18105ADA535F}.Debug|Any CPU.Build.0 = Debug|Any CPU
		{BD3FFA3B-B11E-40A2-B2BA-18105ADA535F}.Debug|Any CPU.Deploy.0 = Debug|Any CPU
		{BD3FFA3B-B11E-40A2-B2BA-18105ADA535F}.Debug|ARM.ActiveCfg = Debug|Any CPU
		{BD3FFA3B-B11E-40A2-B2BA-18105ADA535F}.Debug|ARM.Build.0 = Debug|Any CPU
		{BD3FFA3B-B11E-40A2-B2BA-18105ADA535F}.Debug|ARM.Deploy.0 = Debug|Any CPU
		{BD3FFA3B-B11E-40A2-B2BA-18105ADA535F}.Debug|iPhone.ActiveCfg = Debug|Any CPU
		{BD3FFA3B-B11E-40A2-B2BA-18105ADA535F}.Debug|iPhone.Build.0 = Debug|Any CPU
		{BD3FFA3B-B11E-40A2-B2BA-18105ADA535F}.Debug|iPhone.Deploy.0 = Debug|Any CPU
		{BD3FFA3B-B11E-40A2-B2BA-18105ADA535F}.Debug|iPhoneSimulator.ActiveCfg = Debug|Any CPU
		{BD3FFA3B-B11E-40A2-B2BA-18105ADA535F}.Debug|iPhoneSimulator.Build.0 = Debug|Any CPU
		{BD3FFA3B-B11E-40A2-B2BA-18105ADA535F}.Debug|iPhoneSimulator.Deploy.0 = Debug|Any CPU
		{BD3FFA3B-B11E-40A2-B2BA-18105ADA535F}.Debug|x64.ActiveCfg = Debug|Any CPU
		{BD3FFA3B-B11E-40A2-B2BA-18105ADA535F}.Debug|x64.Build.0 = Debug|Any CPU
		{BD3FFA3B-B11E-40A2-B2BA-18105ADA535F}.Debug|x64.Deploy.0 = Debug|Any CPU
		{BD3FFA3B-B11E-40A2-B2BA-18105ADA535F}.Debug|x86.ActiveCfg = Debug|Any CPU
		{BD3FFA3B-B11E-40A2-B2BA-18105ADA535F}.Debug|x86.Build.0 = Debug|Any CPU
		{BD3FFA3B-B11E-40A2-B2BA-18105ADA535F}.Debug|x86.Deploy.0 = Debug|Any CPU
		{BD3FFA3B-B11E-40A2-B2BA-18105ADA535F}.Release|Any CPU.ActiveCfg = Release|Any CPU
		{BD3FFA3B-B11E-40A2-B2BA-18105ADA535F}.Release|Any CPU.Build.0 = Release|Any CPU
		{BD3FFA3B-B11E-40A2-B2BA-18105ADA535F}.Release|Any CPU.Deploy.0 = Release|Any CPU
		{BD3FFA3B-B11E-40A2-B2BA-18105ADA535F}.Release|ARM.ActiveCfg = Release|Any CPU
		{BD3FFA3B-B11E-40A2-B2BA-18105ADA535F}.Release|ARM.Build.0 = Release|Any CPU
		{BD3FFA3B-B11E-40A2-B2BA-18105ADA535F}.Release|ARM.Deploy.0 = Release|Any CPU
		{BD3FFA3B-B11E-40A2-B2BA-18105ADA535F}.Release|iPhone.ActiveCfg = Release|Any CPU
		{BD3FFA3B-B11E-40A2-B2BA-18105ADA535F}.Release|iPhone.Build.0 = Release|Any CPU
		{BD3FFA3B-B11E-40A2-B2BA-18105ADA535F}.Release|iPhone.Deploy.0 = Release|Any CPU
		{BD3FFA3B-B11E-40A2-B2BA-18105ADA535F}.Release|iPhoneSimulator.ActiveCfg = Release|Any CPU
		{BD3FFA3B-B11E-40A2-B2BA-18105ADA535F}.Release|iPhoneSimulator.Build.0 = Release|Any CPU
		{BD3FFA3B-B11E-40A2-B2BA-18105ADA535F}.Release|iPhoneSimulator.Deploy.0 = Release|Any CPU
		{BD3FFA3B-B11E-40A2-B2BA-18105ADA535F}.Release|x64.ActiveCfg = Release|Any CPU
		{BD3FFA3B-B11E-40A2-B2BA-18105ADA535F}.Release|x64.Build.0 = Release|Any CPU
		{BD3FFA3B-B11E-40A2-B2BA-18105ADA535F}.Release|x64.Deploy.0 = Release|Any CPU
		{BD3FFA3B-B11E-40A2-B2BA-18105ADA535F}.Release|x86.ActiveCfg = Release|Any CPU
		{BD3FFA3B-B11E-40A2-B2BA-18105ADA535F}.Release|x86.Build.0 = Release|Any CPU
		{BD3FFA3B-B11E-40A2-B2BA-18105ADA535F}.Release|x86.Deploy.0 = Release|Any CPU
		{026C3AC6-C22F-4314-99A7-2E5EC7A7AEC5}.Ad-Hoc|Any CPU.ActiveCfg = Ad-Hoc|iPhone
		{026C3AC6-C22F-4314-99A7-2E5EC7A7AEC5}.Ad-Hoc|ARM.ActiveCfg = Ad-Hoc|iPhone
		{026C3AC6-C22F-4314-99A7-2E5EC7A7AEC5}.Ad-Hoc|iPhone.ActiveCfg = Ad-Hoc|iPhone
		{026C3AC6-C22F-4314-99A7-2E5EC7A7AEC5}.Ad-Hoc|iPhone.Build.0 = Ad-Hoc|iPhone
		{026C3AC6-C22F-4314-99A7-2E5EC7A7AEC5}.Ad-Hoc|iPhoneSimulator.ActiveCfg = Ad-Hoc|iPhoneSimulator
		{026C3AC6-C22F-4314-99A7-2E5EC7A7AEC5}.Ad-Hoc|iPhoneSimulator.Build.0 = Ad-Hoc|iPhoneSimulator
		{026C3AC6-C22F-4314-99A7-2E5EC7A7AEC5}.Ad-Hoc|x64.ActiveCfg = Ad-Hoc|iPhone
		{026C3AC6-C22F-4314-99A7-2E5EC7A7AEC5}.Ad-Hoc|x86.ActiveCfg = Ad-Hoc|iPhone
		{026C3AC6-C22F-4314-99A7-2E5EC7A7AEC5}.AppStore|Any CPU.ActiveCfg = AppStore|iPhone
		{026C3AC6-C22F-4314-99A7-2E5EC7A7AEC5}.AppStore|ARM.ActiveCfg = AppStore|iPhone
		{026C3AC6-C22F-4314-99A7-2E5EC7A7AEC5}.AppStore|iPhone.ActiveCfg = AppStore|iPhone
		{026C3AC6-C22F-4314-99A7-2E5EC7A7AEC5}.AppStore|iPhone.Build.0 = AppStore|iPhone
		{026C3AC6-C22F-4314-99A7-2E5EC7A7AEC5}.AppStore|iPhoneSimulator.ActiveCfg = AppStore|iPhoneSimulator
		{026C3AC6-C22F-4314-99A7-2E5EC7A7AEC5}.AppStore|iPhoneSimulator.Build.0 = AppStore|iPhoneSimulator
		{026C3AC6-C22F-4314-99A7-2E5EC7A7AEC5}.AppStore|x64.ActiveCfg = AppStore|iPhone
		{026C3AC6-C22F-4314-99A7-2E5EC7A7AEC5}.AppStore|x86.ActiveCfg = AppStore|iPhone
		{026C3AC6-C22F-4314-99A7-2E5EC7A7AEC5}.Debug|Any CPU.ActiveCfg = Debug|iPhone
		{026C3AC6-C22F-4314-99A7-2E5EC7A7AEC5}.Debug|ARM.ActiveCfg = Debug|iPhone
		{026C3AC6-C22F-4314-99A7-2E5EC7A7AEC5}.Debug|iPhone.ActiveCfg = Debug|iPhone
		{026C3AC6-C22F-4314-99A7-2E5EC7A7AEC5}.Debug|iPhone.Build.0 = Debug|iPhone
		{026C3AC6-C22F-4314-99A7-2E5EC7A7AEC5}.Debug|iPhoneSimulator.ActiveCfg = Debug|iPhoneSimulator
		{026C3AC6-C22F-4314-99A7-2E5EC7A7AEC5}.Debug|iPhoneSimulator.Build.0 = Debug|iPhoneSimulator
		{026C3AC6-C22F-4314-99A7-2E5EC7A7AEC5}.Debug|x64.ActiveCfg = Debug|iPhone
		{026C3AC6-C22F-4314-99A7-2E5EC7A7AEC5}.Debug|x86.ActiveCfg = Debug|iPhone
		{026C3AC6-C22F-4314-99A7-2E5EC7A7AEC5}.Release|Any CPU.ActiveCfg = Release|iPhone
		{026C3AC6-C22F-4314-99A7-2E5EC7A7AEC5}.Release|ARM.ActiveCfg = Release|iPhone
		{026C3AC6-C22F-4314-99A7-2E5EC7A7AEC5}.Release|iPhone.ActiveCfg = Release|iPhone
		{026C3AC6-C22F-4314-99A7-2E5EC7A7AEC5}.Release|iPhone.Build.0 = Release|iPhone
		{026C3AC6-C22F-4314-99A7-2E5EC7A7AEC5}.Release|iPhoneSimulator.ActiveCfg = Release|iPhoneSimulator
		{026C3AC6-C22F-4314-99A7-2E5EC7A7AEC5}.Release|iPhoneSimulator.Build.0 = Release|iPhoneSimulator
		{026C3AC6-C22F-4314-99A7-2E5EC7A7AEC5}.Release|x64.ActiveCfg = Release|iPhone
		{026C3AC6-C22F-4314-99A7-2E5EC7A7AEC5}.Release|x86.ActiveCfg = Release|iPhone
		{BD6B6566-4D9C-4C53-B813-B0DE0C97CF64}.Ad-Hoc|Any CPU.ActiveCfg = Release|x86
		{BD6B6566-4D9C-4C53-B813-B0DE0C97CF64}.Ad-Hoc|Any CPU.Build.0 = Release|x86
		{BD6B6566-4D9C-4C53-B813-B0DE0C97CF64}.Ad-Hoc|Any CPU.Deploy.0 = Release|x86
		{BD6B6566-4D9C-4C53-B813-B0DE0C97CF64}.Ad-Hoc|ARM.ActiveCfg = Release|ARM
		{BD6B6566-4D9C-4C53-B813-B0DE0C97CF64}.Ad-Hoc|ARM.Build.0 = Release|ARM
		{BD6B6566-4D9C-4C53-B813-B0DE0C97CF64}.Ad-Hoc|ARM.Deploy.0 = Release|ARM
		{BD6B6566-4D9C-4C53-B813-B0DE0C97CF64}.Ad-Hoc|iPhone.ActiveCfg = Release|x86
		{BD6B6566-4D9C-4C53-B813-B0DE0C97CF64}.Ad-Hoc|iPhone.Build.0 = Release|x86
		{BD6B6566-4D9C-4C53-B813-B0DE0C97CF64}.Ad-Hoc|iPhone.Deploy.0 = Release|x86
		{BD6B6566-4D9C-4C53-B813-B0DE0C97CF64}.Ad-Hoc|iPhoneSimulator.ActiveCfg = Release|x86
		{BD6B6566-4D9C-4C53-B813-B0DE0C97CF64}.Ad-Hoc|iPhoneSimulator.Build.0 = Release|x86
		{BD6B6566-4D9C-4C53-B813-B0DE0C97CF64}.Ad-Hoc|iPhoneSimulator.Deploy.0 = Release|x86
		{BD6B6566-4D9C-4C53-B813-B0DE0C97CF64}.Ad-Hoc|x64.ActiveCfg = Release|x64
		{BD6B6566-4D9C-4C53-B813-B0DE0C97CF64}.Ad-Hoc|x64.Build.0 = Release|x64
		{BD6B6566-4D9C-4C53-B813-B0DE0C97CF64}.Ad-Hoc|x64.Deploy.0 = Release|x64
		{BD6B6566-4D9C-4C53-B813-B0DE0C97CF64}.Ad-Hoc|x86.ActiveCfg = Release|x86
		{BD6B6566-4D9C-4C53-B813-B0DE0C97CF64}.Ad-Hoc|x86.Build.0 = Release|x86
		{BD6B6566-4D9C-4C53-B813-B0DE0C97CF64}.Ad-Hoc|x86.Deploy.0 = Release|x86
		{BD6B6566-4D9C-4C53-B813-B0DE0C97CF64}.AppStore|Any CPU.ActiveCfg = Release|x86
		{BD6B6566-4D9C-4C53-B813-B0DE0C97CF64}.AppStore|Any CPU.Build.0 = Release|x86
		{BD6B6566-4D9C-4C53-B813-B0DE0C97CF64}.AppStore|Any CPU.Deploy.0 = Release|x86
		{BD6B6566-4D9C-4C53-B813-B0DE0C97CF64}.AppStore|ARM.ActiveCfg = Release|ARM
		{BD6B6566-4D9C-4C53-B813-B0DE0C97CF64}.AppStore|ARM.Build.0 = Release|ARM
		{BD6B6566-4D9C-4C53-B813-B0DE0C97CF64}.AppStore|ARM.Deploy.0 = Release|ARM
		{BD6B6566-4D9C-4C53-B813-B0DE0C97CF64}.AppStore|iPhone.ActiveCfg = Release|x86
		{BD6B6566-4D9C-4C53-B813-B0DE0C97CF64}.AppStore|iPhone.Build.0 = Release|x86
		{BD6B6566-4D9C-4C53-B813-B0DE0C97CF64}.AppStore|iPhone.Deploy.0 = Release|x86
		{BD6B6566-4D9C-4C53-B813-B0DE0C97CF64}.AppStore|iPhoneSimulator.ActiveCfg = Release|x86
		{BD6B6566-4D9C-4C53-B813-B0DE0C97CF64}.AppStore|iPhoneSimulator.Build.0 = Release|x86
		{BD6B6566-4D9C-4C53-B813-B0DE0C97CF64}.AppStore|iPhoneSimulator.Deploy.0 = Release|x86
		{BD6B6566-4D9C-4C53-B813-B0DE0C97CF64}.AppStore|x64.ActiveCfg = Release|x64
		{BD6B6566-4D9C-4C53-B813-B0DE0C97CF64}.AppStore|x64.Build.0 = Release|x64
		{BD6B6566-4D9C-4C53-B813-B0DE0C97CF64}.AppStore|x64.Deploy.0 = Release|x64
		{BD6B6566-4D9C-4C53-B813-B0DE0C97CF64}.AppStore|x86.ActiveCfg = Release|x86
		{BD6B6566-4D9C-4C53-B813-B0DE0C97CF64}.AppStore|x86.Build.0 = Release|x86
		{BD6B6566-4D9C-4C53-B813-B0DE0C97CF64}.AppStore|x86.Deploy.0 = Release|x86
		{BD6B6566-4D9C-4C53-B813-B0DE0C97CF64}.Debug|Any CPU.ActiveCfg = Debug|x86
		{BD6B6566-4D9C-4C53-B813-B0DE0C97CF64}.Debug|ARM.ActiveCfg = Debug|ARM
		{BD6B6566-4D9C-4C53-B813-B0DE0C97CF64}.Debug|ARM.Build.0 = Debug|ARM
		{BD6B6566-4D9C-4C53-B813-B0DE0C97CF64}.Debug|ARM.Deploy.0 = Debug|ARM
		{BD6B6566-4D9C-4C53-B813-B0DE0C97CF64}.Debug|iPhone.ActiveCfg = Debug|x86
		{BD6B6566-4D9C-4C53-B813-B0DE0C97CF64}.Debug|iPhoneSimulator.ActiveCfg = Debug|x86
		{BD6B6566-4D9C-4C53-B813-B0DE0C97CF64}.Debug|x64.ActiveCfg = Debug|x64
		{BD6B6566-4D9C-4C53-B813-B0DE0C97CF64}.Debug|x64.Build.0 = Debug|x64
		{BD6B6566-4D9C-4C53-B813-B0DE0C97CF64}.Debug|x64.Deploy.0 = Debug|x64
		{BD6B6566-4D9C-4C53-B813-B0DE0C97CF64}.Debug|x86.ActiveCfg = Debug|x86
		{BD6B6566-4D9C-4C53-B813-B0DE0C97CF64}.Debug|x86.Build.0 = Debug|x86
		{BD6B6566-4D9C-4C53-B813-B0DE0C97CF64}.Debug|x86.Deploy.0 = Debug|x86
		{BD6B6566-4D9C-4C53-B813-B0DE0C97CF64}.Release|Any CPU.ActiveCfg = Release|x86
		{BD6B6566-4D9C-4C53-B813-B0DE0C97CF64}.Release|ARM.ActiveCfg = Release|ARM
		{BD6B6566-4D9C-4C53-B813-B0DE0C97CF64}.Release|ARM.Build.0 = Release|ARM
		{BD6B6566-4D9C-4C53-B813-B0DE0C97CF64}.Release|ARM.Deploy.0 = Release|ARM
		{BD6B6566-4D9C-4C53-B813-B0DE0C97CF64}.Release|iPhone.ActiveCfg = Release|x86
		{BD6B6566-4D9C-4C53-B813-B0DE0C97CF64}.Release|iPhoneSimulator.ActiveCfg = Release|x86
		{BD6B6566-4D9C-4C53-B813-B0DE0C97CF64}.Release|x64.ActiveCfg = Release|x64
		{BD6B6566-4D9C-4C53-B813-B0DE0C97CF64}.Release|x64.Build.0 = Release|x64
		{BD6B6566-4D9C-4C53-B813-B0DE0C97CF64}.Release|x64.Deploy.0 = Release|x64
		{BD6B6566-4D9C-4C53-B813-B0DE0C97CF64}.Release|x86.ActiveCfg = Release|x86
		{BD6B6566-4D9C-4C53-B813-B0DE0C97CF64}.Release|x86.Build.0 = Release|x86
		{BD6B6566-4D9C-4C53-B813-B0DE0C97CF64}.Release|x86.Deploy.0 = Release|x86
		{6DCFCBCE-855C-46C1-865F-638309ED3907}.Ad-Hoc|Any CPU.ActiveCfg = Release|Any CPU
		{6DCFCBCE-855C-46C1-865F-638309ED3907}.Ad-Hoc|Any CPU.Build.0 = Release|Any CPU
		{6DCFCBCE-855C-46C1-865F-638309ED3907}.Ad-Hoc|ARM.ActiveCfg = Release|Any CPU
		{6DCFCBCE-855C-46C1-865F-638309ED3907}.Ad-Hoc|ARM.Build.0 = Release|Any CPU
		{6DCFCBCE-855C-46C1-865F-638309ED3907}.Ad-Hoc|iPhone.ActiveCfg = Release|Any CPU
		{6DCFCBCE-855C-46C1-865F-638309ED3907}.Ad-Hoc|iPhone.Build.0 = Release|Any CPU
		{6DCFCBCE-855C-46C1-865F-638309ED3907}.Ad-Hoc|iPhoneSimulator.ActiveCfg = Release|Any CPU
		{6DCFCBCE-855C-46C1-865F-638309ED3907}.Ad-Hoc|iPhoneSimulator.Build.0 = Release|Any CPU
		{6DCFCBCE-855C-46C1-865F-638309ED3907}.Ad-Hoc|x64.ActiveCfg = Release|Any CPU
		{6DCFCBCE-855C-46C1-865F-638309ED3907}.Ad-Hoc|x64.Build.0 = Release|Any CPU
		{6DCFCBCE-855C-46C1-865F-638309ED3907}.Ad-Hoc|x86.ActiveCfg = Release|Any CPU
		{6DCFCBCE-855C-46C1-865F-638309ED3907}.Ad-Hoc|x86.Build.0 = Release|Any CPU
		{6DCFCBCE-855C-46C1-865F-638309ED3907}.AppStore|Any CPU.ActiveCfg = Release|Any CPU
		{6DCFCBCE-855C-46C1-865F-638309ED3907}.AppStore|Any CPU.Build.0 = Release|Any CPU
		{6DCFCBCE-855C-46C1-865F-638309ED3907}.AppStore|ARM.ActiveCfg = Release|Any CPU
		{6DCFCBCE-855C-46C1-865F-638309ED3907}.AppStore|ARM.Build.0 = Release|Any CPU
		{6DCFCBCE-855C-46C1-865F-638309ED3907}.AppStore|iPhone.ActiveCfg = Release|Any CPU
		{6DCFCBCE-855C-46C1-865F-638309ED3907}.AppStore|iPhone.Build.0 = Release|Any CPU
		{6DCFCBCE-855C-46C1-865F-638309ED3907}.AppStore|iPhoneSimulator.ActiveCfg = Release|Any CPU
		{6DCFCBCE-855C-46C1-865F-638309ED3907}.AppStore|iPhoneSimulator.Build.0 = Release|Any CPU
		{6DCFCBCE-855C-46C1-865F-638309ED3907}.AppStore|x64.ActiveCfg = Release|Any CPU
		{6DCFCBCE-855C-46C1-865F-638309ED3907}.AppStore|x64.Build.0 = Release|Any CPU
		{6DCFCBCE-855C-46C1-865F-638309ED3907}.AppStore|x86.ActiveCfg = Release|Any CPU
		{6DCFCBCE-855C-46C1-865F-638309ED3907}.AppStore|x86.Build.0 = Release|Any CPU
		{6DCFCBCE-855C-46C1-865F-638309ED3907}.Debug|Any CPU.ActiveCfg = Debug|Any CPU
		{6DCFCBCE-855C-46C1-865F-638309ED3907}.Debug|Any CPU.Build.0 = Debug|Any CPU
		{6DCFCBCE-855C-46C1-865F-638309ED3907}.Debug|ARM.ActiveCfg = Debug|Any CPU
		{6DCFCBCE-855C-46C1-865F-638309ED3907}.Debug|ARM.Build.0 = Debug|Any CPU
		{6DCFCBCE-855C-46C1-865F-638309ED3907}.Debug|iPhone.ActiveCfg = Debug|Any CPU
		{6DCFCBCE-855C-46C1-865F-638309ED3907}.Debug|iPhone.Build.0 = Debug|Any CPU
		{6DCFCBCE-855C-46C1-865F-638309ED3907}.Debug|iPhoneSimulator.ActiveCfg = Debug|Any CPU
		{6DCFCBCE-855C-46C1-865F-638309ED3907}.Debug|iPhoneSimulator.Build.0 = Debug|Any CPU
		{6DCFCBCE-855C-46C1-865F-638309ED3907}.Debug|x64.ActiveCfg = Debug|Any CPU
		{6DCFCBCE-855C-46C1-865F-638309ED3907}.Debug|x64.Build.0 = Debug|Any CPU
		{6DCFCBCE-855C-46C1-865F-638309ED3907}.Debug|x86.ActiveCfg = Debug|Any CPU
		{6DCFCBCE-855C-46C1-865F-638309ED3907}.Debug|x86.Build.0 = Debug|Any CPU
		{6DCFCBCE-855C-46C1-865F-638309ED3907}.Release|Any CPU.ActiveCfg = Release|Any CPU
		{6DCFCBCE-855C-46C1-865F-638309ED3907}.Release|Any CPU.Build.0 = Release|Any CPU
		{6DCFCBCE-855C-46C1-865F-638309ED3907}.Release|ARM.ActiveCfg = Release|Any CPU
		{6DCFCBCE-855C-46C1-865F-638309ED3907}.Release|ARM.Build.0 = Release|Any CPU
		{6DCFCBCE-855C-46C1-865F-638309ED3907}.Release|iPhone.ActiveCfg = Release|Any CPU
		{6DCFCBCE-855C-46C1-865F-638309ED3907}.Release|iPhone.Build.0 = Release|Any CPU
		{6DCFCBCE-855C-46C1-865F-638309ED3907}.Release|iPhoneSimulator.ActiveCfg = Release|Any CPU
		{6DCFCBCE-855C-46C1-865F-638309ED3907}.Release|iPhoneSimulator.Build.0 = Release|Any CPU
		{6DCFCBCE-855C-46C1-865F-638309ED3907}.Release|x64.ActiveCfg = Release|Any CPU
		{6DCFCBCE-855C-46C1-865F-638309ED3907}.Release|x64.Build.0 = Release|Any CPU
		{6DCFCBCE-855C-46C1-865F-638309ED3907}.Release|x86.ActiveCfg = Release|Any CPU
		{6DCFCBCE-855C-46C1-865F-638309ED3907}.Release|x86.Build.0 = Release|Any CPU
	EndGlobalSection
	GlobalSection(SolutionProperties) = preSolution
		HideSolutionNode = FALSE
	EndGlobalSection
EndGlobal
